
Microsoft Visual Studio Solution File, Format Version 12.00
# Visual Studio Version 17
VisualStudioVersion = 17.13.35931.197
MinimumVisualStudioVersion = 10.0.40219.1
Project("{FAE04EC0-301F-11D3-BF4B-00C04F79EFBC}") = "Lab7", "Lab7.csproj", "{11F4B003-90B0-4460-81DC-D3137CB4CF16}"
EndProject
Project("{FAE04EC0-301F-11D3-BF4B-00C04F79EFBC}") = "Lab7.Tests", "..\Lab7.Tests\Lab7.Tests.csproj", "{67E8D5AF-5A9C-4982-BA01-83F796838B41}"
EndProject
Global
	GlobalSection(SolutionConfigurationPlatforms) = preSolution
		Debug|Any CPU = Debug|Any CPU
		Release|Any CPU = Release|Any CPU
	EndGlobalSection
	GlobalSection(ProjectConfigurationPlatforms) = postSolution
		{11F4B003-90B0-4460-81DC-D3137CB4CF16}.Debug|Any CPU.ActiveCfg = Debug|Any CPU
		{11F4B003-90B0-4460-81DC-D3137CB4CF16}.Debug|Any CPU.Build.0 = Debug|Any CPU
		{11F4B003-90B0-4460-81DC-D3137CB4CF16}.Release|Any CPU.ActiveCfg = Release|Any CPU
		{11F4B003-90B0-4460-81DC-D3137CB4CF16}.Release|Any CPU.Build.0 = Release|Any CPU
		{67E8D5AF-5A9C-4982-BA01-83F796838B41}.Debug|Any CPU.ActiveCfg = Debug|Any CPU
		{67E8D5AF-5A9C-4982-BA01-83F796838B41}.Debug|Any CPU.Build.0 = Debug|Any CPU
		{67E8D5AF-5A9C-4982-BA01-83F796838B41}.Release|Any CPU.ActiveCfg = Release|Any CPU
		{67E8D5AF-5A9C-4982-BA01-83F796838B41}.Release|Any CPU.Build.0 = Release|Any CPU
	EndGlobalSection
	GlobalSection(SolutionProperties) = preSolution
		HideSolutionNode = FALSE
	EndGlobalSection
	GlobalSection(ExtensibilityGlobals) = postSolution
		SolutionGuid = {3277B7AF-B97F-420A-BECE-E24A5326CFE7}
	EndGlobalSection
EndGlobal
